// !$*UTF8*$!
{
	archiveVersion = 1;
	classes = {
	};
	objectVersion = 50;
	objects = {

/* Begin PBXBuildFile section */
		4B3AA0FD2534796900836680 /* platformPack_tile048.png in CopyFiles */ = {isa = PBXBuildFile; fileRef = 4B3AA0FC2534794B00836680 /* platformPack_tile048.png */; };
		4B3AA10025347EF400836680 /* font1.png in CopyFiles */ = {isa = PBXBuildFile; fileRef = 4B3AA0FF25347EEC00836680 /* font1.png */; };
		4B460B5F2534417E00A9FF32 /* Entity.cpp in Sources */ = {isa = PBXBuildFile; fileRef = 4B460B5D2534417E00A9FF32 /* Entity.cpp */; };
		4B460B64253442F900A9FF32 /* george_0.png in CopyFiles */ = {isa = PBXBuildFile; fileRef = 4B460B622534426300A9FF32 /* george_0.png */; };
		4B460B68253446B900A9FF32 /* tileset.png in CopyFiles */ = {isa = PBXBuildFile; fileRef = 4B460B67253446A000A9FF32 /* tileset.png */; };
		4B460B6B25344A5F00A9FF32 /* platformPack_tile003.png in CopyFiles */ = {isa = PBXBuildFile; fileRef = 4B460B6A25344A5500A9FF32 /* platformPack_tile003.png */; };
		4B52BCB6254C5A6300D14D6C /* ufoYellow.png in CopyFiles */ = {isa = PBXBuildFile; fileRef = 4B52BCB5254C5A1E00D14D6C /* ufoYellow.png */; };
		4B52BCBA254C5E1900D14D6C /* ufoRed.png in CopyFiles */ = {isa = PBXBuildFile; fileRef = 4B52BCB8254C5D5300D14D6C /* ufoRed.png */; };
		4B52BCBC254C5E1C00D14D6C /* ctg.png in CopyFiles */ = {isa = PBXBuildFile; fileRef = 4B52BCB9254C5E0A00D14D6C /* ctg.png */; };
		4BC4286725665549004AA834 /* Map.cpp in Sources */ = {isa = PBXBuildFile; fileRef = 4BC4286525665549004AA834 /* Map.cpp */; };
		4BC4286C25666548004AA834 /* util.cpp in Sources */ = {isa = PBXBuildFile; fileRef = 4BC4286A25666548004AA834 /* util.cpp */; };
		4BC42871256682E4004AA834 /* scene.cpp in Sources */ = {isa = PBXBuildFile; fileRef = 4BC4286F256682E4004AA834 /* scene.cpp */; };
		4BC428752566849B004AA834 /* Level1.cpp in Sources */ = {isa = PBXBuildFile; fileRef = 4BC428732566849B004AA834 /* Level1.cpp */; };
		4BC4287E25669E71004AA834 /* bounce.wav in CopyFiles */ = {isa = PBXBuildFile; fileRef = 4BC4287B25669E47004AA834 /* bounce.wav */; };
		4BC4288025669E74004AA834 /* crypto.mp3 in CopyFiles */ = {isa = PBXBuildFile; fileRef = 4BC4287C25669E47004AA834 /* crypto.mp3 */; };
		4BC4288225669E77004AA834 /* dooblydoo.mp3 in CopyFiles */ = {isa = PBXBuildFile; fileRef = 4BC4287D25669E47004AA834 /* dooblydoo.mp3 */; };
		4BC4288425669E79004AA834 /* failure.wav in CopyFiles */ = {isa = PBXBuildFile; fileRef = 4BC4287925669E47004AA834 /* failure.wav */; };
		4BC4288625669E7B004AA834 /* gameover.wav in CopyFiles */ = {isa = PBXBuildFile; fileRef = 4BC4287A25669E47004AA834 /* gameover.wav */; };
		4BC4288825669E7D004AA834 /* success.wav in CopyFiles */ = {isa = PBXBuildFile; fileRef = 4BC4287825669E47004AA834 /* success.wav */; };
		4BC4288C2566A49E004AA834 /* Level2.cpp in Sources */ = {isa = PBXBuildFile; fileRef = 4BC4288A2566A49E004AA834 /* Level2.cpp */; };
		4BC428912566C7DA004AA834 /* Level0.cpp in Sources */ = {isa = PBXBuildFile; fileRef = 4BC4288F2566C7DA004AA834 /* Level0.cpp */; };
		4BC4289B2566CAF0004AA834 /* Level3.cpp in Sources */ = {isa = PBXBuildFile; fileRef = 4BC428992566CAF0004AA834 /* Level3.cpp */; };
		DBDF1B532323DE3F007CECB1 /* main.cpp in Sources */ = {isa = PBXBuildFile; fileRef = DBDF1B522323DE3F007CECB1 /* main.cpp */; };
		DBDF1B5E2323DE8D007CECB1 /* ShaderProgram.cpp in Sources */ = {isa = PBXBuildFile; fileRef = DBDF1B5D2323DE8D007CECB1 /* ShaderProgram.cpp */; };
		DBDF1B612323DE9E007CECB1 /* shaders in CopyFiles */ = {isa = PBXBuildFile; fileRef = DBDF1B5C2323DE8D007CECB1 /* shaders */; };
		DBDF1B632323DEDA007CECB1 /* OpenGL.framework in Frameworks */ = {isa = PBXBuildFile; fileRef = DBDF1B622323DEDA007CECB1 /* OpenGL.framework */; };
		DBDF1B652323DEDF007CECB1 /* Cocoa.framework in Frameworks */ = {isa = PBXBuildFile; fileRef = DBDF1B642323DEDF007CECB1 /* Cocoa.framework */; };
		DBDF1B692323DEEA007CECB1 /* SDL2.framework in Frameworks */ = {isa = PBXBuildFile; fileRef = DBDF1B662323DEEA007CECB1 /* SDL2.framework */; };
		DBDF1B6A2323DEEA007CECB1 /* SDL2_image.framework in Frameworks */ = {isa = PBXBuildFile; fileRef = DBDF1B672323DEEA007CECB1 /* SDL2_image.framework */; };
		DBDF1B6B2323DEEA007CECB1 /* SDL2_mixer.framework in Frameworks */ = {isa = PBXBuildFile; fileRef = DBDF1B682323DEEA007CECB1 /* SDL2_mixer.framework */; };
/* End PBXBuildFile section */

/* Begin PBXCopyFilesBuildPhase section */
		DBDF1B4D2323DE3F007CECB1 /* CopyFiles */ = {
			isa = PBXCopyFilesBuildPhase;
			buildActionMask = 12;
			dstPath = "";
			dstSubfolderSpec = 6;
			files = (
				4B52BCB6254C5A6300D14D6C /* ufoYellow.png in CopyFiles */,
				DBDF1B612323DE9E007CECB1 /* shaders in CopyFiles */,
				4B460B64253442F900A9FF32 /* george_0.png in CopyFiles */,
				4B460B6B25344A5F00A9FF32 /* platformPack_tile003.png in CopyFiles */,
				4B3AA0FD2534796900836680 /* platformPack_tile048.png in CopyFiles */,
				4B3AA10025347EF400836680 /* font1.png in CopyFiles */,
				4B52BCBC254C5E1C00D14D6C /* ctg.png in CopyFiles */,
				4B52BCBA254C5E1900D14D6C /* ufoRed.png in CopyFiles */,
				4B460B68253446B900A9FF32 /* tileset.png in CopyFiles */,
				4BC4287E25669E71004AA834 /* bounce.wav in CopyFiles */,
				4BC4288025669E74004AA834 /* crypto.mp3 in CopyFiles */,
				4BC4288225669E77004AA834 /* dooblydoo.mp3 in CopyFiles */,
				4BC4288425669E79004AA834 /* failure.wav in CopyFiles */,
				4BC4288625669E7B004AA834 /* gameover.wav in CopyFiles */,
				4BC4288825669E7D004AA834 /* success.wav in CopyFiles */,
			);
			runOnlyForDeploymentPostprocessing = 0;
		};
/* End PBXCopyFilesBuildPhase section */

/* Begin PBXFileReference section */
		4B3AA0FC2534794B00836680 /* platformPack_tile048.png */ = {isa = PBXFileReference; lastKnownFileType = image.png; path = platformPack_tile048.png; sourceTree = "<group>"; };
		4B3AA0FF25347EEC00836680 /* font1.png */ = {isa = PBXFileReference; lastKnownFileType = image.png; path = font1.png; sourceTree = "<group>"; };
		4B460B5D2534417E00A9FF32 /* Entity.cpp */ = {isa = PBXFileReference; lastKnownFileType = sourcecode.cpp.cpp; path = Entity.cpp; sourceTree = "<group>"; };
		4B460B5E2534417E00A9FF32 /* Entity.h */ = {isa = PBXFileReference; lastKnownFileType = sourcecode.c.h; path = Entity.h; sourceTree = "<group>"; };
		4B460B622534426300A9FF32 /* george_0.png */ = {isa = PBXFileReference; lastKnownFileType = image.png; path = george_0.png; sourceTree = "<group>"; };
		4B460B67253446A000A9FF32 /* tileset.png */ = {isa = PBXFileReference; lastKnownFileType = image.png; path = tileset.png; sourceTree = "<group>"; };
		4B460B6A25344A5500A9FF32 /* platformPack_tile003.png */ = {isa = PBXFileReference; lastKnownFileType = image.png; path = platformPack_tile003.png; sourceTree = "<group>"; };
		4B52BCB5254C5A1E00D14D6C /* ufoYellow.png */ = {isa = PBXFileReference; lastKnownFileType = image.png; path = ufoYellow.png; sourceTree = "<group>"; };
		4B52BCB8254C5D5300D14D6C /* ufoRed.png */ = {isa = PBXFileReference; lastKnownFileType = image.png; path = ufoRed.png; sourceTree = "<group>"; };
		4B52BCB9254C5E0A00D14D6C /* ctg.png */ = {isa = PBXFileReference; lastKnownFileType = image.png; path = ctg.png; sourceTree = "<group>"; };
		4BC4285E256650F9004AA834 /* tileset.png */ = {isa = PBXFileReference; lastKnownFileType = image.png; path = tileset.png; sourceTree = "<group>"; };
		4BC4286525665549004AA834 /* Map.cpp */ = {isa = PBXFileReference; lastKnownFileType = sourcecode.cpp.cpp; path = Map.cpp; sourceTree = "<group>"; };
		4BC4286625665549004AA834 /* Map.h */ = {isa = PBXFileReference; lastKnownFileType = sourcecode.c.h; path = Map.h; sourceTree = "<group>"; };
		4BC4286A25666548004AA834 /* util.cpp */ = {isa = PBXFileReference; lastKnownFileType = sourcecode.cpp.cpp; path = util.cpp; sourceTree = "<group>"; };
		4BC4286B25666548004AA834 /* util.h */ = {isa = PBXFileReference; lastKnownFileType = sourcecode.c.h; path = util.h; sourceTree = "<group>"; };
		4BC4286F256682E4004AA834 /* scene.cpp */ = {isa = PBXFileReference; lastKnownFileType = sourcecode.cpp.cpp; path = scene.cpp; sourceTree = "<group>"; };
		4BC42870256682E4004AA834 /* scene.h */ = {isa = PBXFileReference; lastKnownFileType = sourcecode.c.h; path = scene.h; sourceTree = "<group>"; };
		4BC428732566849B004AA834 /* Level1.cpp */ = {isa = PBXFileReference; lastKnownFileType = sourcecode.cpp.cpp; path = Level1.cpp; sourceTree = "<group>"; };
		4BC428742566849B004AA834 /* Level1.h */ = {isa = PBXFileReference; lastKnownFileType = sourcecode.c.h; path = Level1.h; sourceTree = "<group>"; };
		4BC4287825669E47004AA834 /* success.wav */ = {isa = PBXFileReference; lastKnownFileType = audio.wav; path = success.wav; sourceTree = "<group>"; };
		4BC4287925669E47004AA834 /* failure.wav */ = {isa = PBXFileReference; lastKnownFileType = audio.wav; path = failure.wav; sourceTree = "<group>"; };
		4BC4287A25669E47004AA834 /* gameover.wav */ = {isa = PBXFileReference; lastKnownFileType = audio.wav; path = gameover.wav; sourceTree = "<group>"; };
		4BC4287B25669E47004AA834 /* bounce.wav */ = {isa = PBXFileReference; lastKnownFileType = audio.wav; path = bounce.wav; sourceTree = "<group>"; };
		4BC4287C25669E47004AA834 /* crypto.mp3 */ = {isa = PBXFileReference; lastKnownFileType = audio.mp3; path = crypto.mp3; sourceTree = "<group>"; };
		4BC4287D25669E47004AA834 /* dooblydoo.mp3 */ = {isa = PBXFileReference; lastKnownFileType = audio.mp3; path = dooblydoo.mp3; sourceTree = "<group>"; };
		4BC4288A2566A49E004AA834 /* Level2.cpp */ = {isa = PBXFileReference; lastKnownFileType = sourcecode.cpp.cpp; path = Level2.cpp; sourceTree = "<group>"; };
		4BC4288B2566A49E004AA834 /* Level2.h */ = {isa = PBXFileReference; lastKnownFileType = sourcecode.c.h; path = Level2.h; sourceTree = "<group>"; };
		4BC4288F2566C7DA004AA834 /* Level0.cpp */ = {isa = PBXFileReference; lastKnownFileType = sourcecode.cpp.cpp; path = Level0.cpp; sourceTree = "<group>"; };
		4BC428902566C7DA004AA834 /* Level0.h */ = {isa = PBXFileReference; lastKnownFileType = sourcecode.c.h; path = Level0.h; sourceTree = "<group>"; };
		4BC428992566CAF0004AA834 /* Level3.cpp */ = {isa = PBXFileReference; lastKnownFileType = sourcecode.cpp.cpp; path = Level3.cpp; sourceTree = "<group>"; };
		4BC4289A2566CAF0004AA834 /* Level3.h */ = {isa = PBXFileReference; lastKnownFileType = sourcecode.c.h; path = Level3.h; sourceTree = "<group>"; };
		DBDF1B4F2323DE3F007CECB1 /* SDLProject */ = {isa = PBXFileReference; explicitFileType = "compiled.mach-o.executable"; includeInIndex = 0; path = SDLProject; sourceTree = BUILT_PRODUCTS_DIR; };
		DBDF1B522323DE3F007CECB1 /* main.cpp */ = {isa = PBXFileReference; lastKnownFileType = sourcecode.cpp.cpp; path = main.cpp; sourceTree = "<group>"; };
		DBDF1B592323DE8D007CECB1 /* ShaderProgram.h */ = {isa = PBXFileReference; fileEncoding = 4; lastKnownFileType = sourcecode.c.h; path = ShaderProgram.h; sourceTree = "<group>"; };
		DBDF1B5A2323DE8D007CECB1 /* stb_image.h */ = {isa = PBXFileReference; fileEncoding = 4; lastKnownFileType = sourcecode.c.h; path = stb_image.h; sourceTree = "<group>"; };
		DBDF1B5B2323DE8D007CECB1 /* glm */ = {isa = PBXFileReference; lastKnownFileType = folder; path = glm; sourceTree = "<group>"; };
		DBDF1B5C2323DE8D007CECB1 /* shaders */ = {isa = PBXFileReference; lastKnownFileType = folder; path = shaders; sourceTree = "<group>"; };
		DBDF1B5D2323DE8D007CECB1 /* ShaderProgram.cpp */ = {isa = PBXFileReference; fileEncoding = 4; lastKnownFileType = sourcecode.cpp.cpp; path = ShaderProgram.cpp; sourceTree = "<group>"; };
		DBDF1B622323DEDA007CECB1 /* OpenGL.framework */ = {isa = PBXFileReference; lastKnownFileType = wrapper.framework; name = OpenGL.framework; path = System/Library/Frameworks/OpenGL.framework; sourceTree = SDKROOT; };
		DBDF1B642323DEDF007CECB1 /* Cocoa.framework */ = {isa = PBXFileReference; lastKnownFileType = wrapper.framework; name = Cocoa.framework; path = System/Library/Frameworks/Cocoa.framework; sourceTree = SDKROOT; };
		DBDF1B662323DEEA007CECB1 /* SDL2.framework */ = {isa = PBXFileReference; lastKnownFileType = wrapper.framework; name = SDL2.framework; path = ../../../../../Library/Frameworks/SDL2.framework; sourceTree = "<group>"; };
		DBDF1B672323DEEA007CECB1 /* SDL2_image.framework */ = {isa = PBXFileReference; lastKnownFileType = wrapper.framework; name = SDL2_image.framework; path = ../../../../../Library/Frameworks/SDL2_image.framework; sourceTree = "<group>"; };
		DBDF1B682323DEEA007CECB1 /* SDL2_mixer.framework */ = {isa = PBXFileReference; lastKnownFileType = wrapper.framework; name = SDL2_mixer.framework; path = ../../../../../Library/Frameworks/SDL2_mixer.framework; sourceTree = "<group>"; };
/* End PBXFileReference section */

/* Begin PBXFrameworksBuildPhase section */
		DBDF1B4C2323DE3F007CECB1 /* Frameworks */ = {
			isa = PBXFrameworksBuildPhase;
			buildActionMask = 2147483647;
			files = (
				DBDF1B692323DEEA007CECB1 /* SDL2.framework in Frameworks */,
				DBDF1B6A2323DEEA007CECB1 /* SDL2_image.framework in Frameworks */,
				DBDF1B6B2323DEEA007CECB1 /* SDL2_mixer.framework in Frameworks */,
				DBDF1B652323DEDF007CECB1 /* Cocoa.framework in Frameworks */,
				DBDF1B632323DEDA007CECB1 /* OpenGL.framework in Frameworks */,
			);
			runOnlyForDeploymentPostprocessing = 0;
		};
/* End PBXFrameworksBuildPhase section */

/* Begin PBXGroup section */
		DBDF1B462323DE3F007CECB1 = {
			isa = PBXGroup;
			children = (
				DBDF1B512323DE3F007CECB1 /* SDLProject */,
				DBDF1B502323DE3F007CECB1 /* Products */,
				DBDF1B5F2323DE92007CECB1 /* Frameworks */,
			);
			sourceTree = "<group>";
		};
		DBDF1B502323DE3F007CECB1 /* Products */ = {
			isa = PBXGroup;
			children = (
				DBDF1B4F2323DE3F007CECB1 /* SDLProject */,
			);
			name = Products;
			sourceTree = "<group>";
		};
		DBDF1B512323DE3F007CECB1 /* SDLProject */ = {
			isa = PBXGroup;
			children = (
				4B3AA0FF25347EEC00836680 /* font1.png */,
				4B460B6A25344A5500A9FF32 /* platformPack_tile003.png */,
				4B3AA0FC2534794B00836680 /* platformPack_tile048.png */,
				4B460B622534426300A9FF32 /* george_0.png */,
				4B460B67253446A000A9FF32 /* tileset.png */,
				4B52BCB5254C5A1E00D14D6C /* ufoYellow.png */,
				4B52BCB8254C5D5300D14D6C /* ufoRed.png */,
				4B52BCB9254C5E0A00D14D6C /* ctg.png */,
				4BC4285E256650F9004AA834 /* tileset.png */,
				DBDF1B5B2323DE8D007CECB1 /* glm */,
				DBDF1B5D2323DE8D007CECB1 /* ShaderProgram.cpp */,
				DBDF1B592323DE8D007CECB1 /* ShaderProgram.h */,
				DBDF1B5C2323DE8D007CECB1 /* shaders */,
				DBDF1B5A2323DE8D007CECB1 /* stb_image.h */,
				DBDF1B522323DE3F007CECB1 /* main.cpp */,
				4B460B5D2534417E00A9FF32 /* Entity.cpp */,
				4B460B5E2534417E00A9FF32 /* Entity.h */,
				4BC4286525665549004AA834 /* Map.cpp */,
				4BC4286625665549004AA834 /* Map.h */,
				4BC4286A25666548004AA834 /* util.cpp */,
				4BC4286B25666548004AA834 /* util.h */,
				4BC4286F256682E4004AA834 /* scene.cpp */,
				4BC42870256682E4004AA834 /* scene.h */,
				4BC4288F2566C7DA004AA834 /* Level0.cpp */,
				4BC428902566C7DA004AA834 /* Level0.h */,
				4BC428732566849B004AA834 /* Level1.cpp */,
				4BC428742566849B004AA834 /* Level1.h */,
				4BC4288A2566A49E004AA834 /* Level2.cpp */,
				4BC4288B2566A49E004AA834 /* Level2.h */,
				4BC428992566CAF0004AA834 /* Level3.cpp */,
				4BC4289A2566CAF0004AA834 /* Level3.h */,
				4BC4287B25669E47004AA834 /* bounce.wav */,
				4BC4287C25669E47004AA834 /* crypto.mp3 */,
				4BC4287D25669E47004AA834 /* dooblydoo.mp3 */,
				4BC4287925669E47004AA834 /* failure.wav */,
				4BC4287A25669E47004AA834 /* gameover.wav */,
				4BC4287825669E47004AA834 /* success.wav */,
			);
			path = SDLProject;
			sourceTree = "<group>";
		};
		DBDF1B5F2323DE92007CECB1 /* Frameworks */ = {
			isa = PBXGroup;
			children = (
				DBDF1B672323DEEA007CECB1 /* SDL2_image.framework */,
				DBDF1B682323DEEA007CECB1 /* SDL2_mixer.framework */,
				DBDF1B662323DEEA007CECB1 /* SDL2.framework */,
				DBDF1B642323DEDF007CECB1 /* Cocoa.framework */,
				DBDF1B622323DEDA007CECB1 /* OpenGL.framework */,
			);
			name = Frameworks;
			sourceTree = "<group>";
		};
/* End PBXGroup section */

/* Begin PBXNativeTarget section */
		DBDF1B4E2323DE3F007CECB1 /* SDLProject */ = {
			isa = PBXNativeTarget;
			buildConfigurationList = DBDF1B562323DE3F007CECB1 /* Build configuration list for PBXNativeTarget "SDLProject" */;
			buildPhases = (
				DBDF1B4B2323DE3F007CECB1 /* Sources */,
				DBDF1B4C2323DE3F007CECB1 /* Frameworks */,
				DBDF1B4D2323DE3F007CECB1 /* CopyFiles */,
			);
			buildRules = (
			);
			dependencies = (
			);
			name = SDLProject;
			productName = SDLProject;
			productReference = DBDF1B4F2323DE3F007CECB1 /* SDLProject */;
			productType = "com.apple.product-type.tool";
		};
/* End PBXNativeTarget section */

/* Begin PBXProject section */
		DBDF1B472323DE3F007CECB1 /* Project object */ = {
			isa = PBXProject;
			attributes = {
				LastUpgradeCheck = 1030;
				ORGANIZATIONNAME = ctg;
				TargetAttributes = {
					DBDF1B4E2323DE3F007CECB1 = {
						CreatedOnToolsVersion = 10.3;
					};
				};
			};
			buildConfigurationList = DBDF1B4A2323DE3F007CECB1 /* Build configuration list for PBXProject "SDLProject" */;
			compatibilityVersion = "Xcode 9.3";
			developmentRegion = en;
			hasScannedForEncodings = 0;
			knownRegions = (
				en,
			);
			mainGroup = DBDF1B462323DE3F007CECB1;
			productRefGroup = DBDF1B502323DE3F007CECB1 /* Products */;
			projectDirPath = "";
			projectRoot = "";
			targets = (
				DBDF1B4E2323DE3F007CECB1 /* SDLProject */,
			);
		};
/* End PBXProject section */

/* Begin PBXSourcesBuildPhase section */
		DBDF1B4B2323DE3F007CECB1 /* Sources */ = {
			isa = PBXSourcesBuildPhase;
			buildActionMask = 2147483647;
			files = (
				DBDF1B532323DE3F007CECB1 /* main.cpp in Sources */,
				4B460B5F2534417E00A9FF32 /* Entity.cpp in Sources */,
				4BC4286725665549004AA834 /* Map.cpp in Sources */,
				4BC4286C25666548004AA834 /* util.cpp in Sources */,
				4BC4289B2566CAF0004AA834 /* Level3.cpp in Sources */,
				4BC42871256682E4004AA834 /* scene.cpp in Sources */,
				4BC4288C2566A49E004AA834 /* Level2.cpp in Sources */,
				4BC428912566C7DA004AA834 /* Level0.cpp in Sources */,
				DBDF1B5E2323DE8D007CECB1 /* ShaderProgram.cpp in Sources */,
				4BC428752566849B004AA834 /* Level1.cpp in Sources */,
			);
			runOnlyForDeploymentPostprocessing = 0;
		};
/* End PBXSourcesBuildPhase section */

/* Begin XCBuildConfiguration section */
		DBDF1B542323DE3F007CECB1 /* Debug */ = {
			isa = XCBuildConfiguration;
			buildSettings = {
				ALWAYS_SEARCH_USER_PATHS = NO;
				CLANG_ANALYZER_NONNULL = YES;
				CLANG_ANALYZER_NUMBER_OBJECT_CONVERSION = YES_AGGRESSIVE;
				CLANG_CXX_LANGUAGE_STANDARD = "gnu++14";
				CLANG_CXX_LIBRARY = "libc++";
				CLANG_ENABLE_MODULES = YES;
				CLANG_ENABLE_OBJC_ARC = YES;
				CLANG_ENABLE_OBJC_WEAK = YES;
				CLANG_WARN_BLOCK_CAPTURE_AUTORELEASING = YES;
				CLANG_WARN_BOOL_CONVERSION = YES;
				CLANG_WARN_COMMA = YES;
				CLANG_WARN_CONSTANT_CONVERSION = YES;
				CLANG_WARN_DEPRECATED_OBJC_IMPLEMENTATIONS = YES;
				CLANG_WARN_DIRECT_OBJC_ISA_USAGE = YES_ERROR;
				CLANG_WARN_DOCUMENTATION_COMMENTS = YES;
				CLANG_WARN_EMPTY_BODY = YES;
				CLANG_WARN_ENUM_CONVERSION = YES;
				CLANG_WARN_INFINITE_RECURSION = YES;
				CLANG_WARN_INT_CONVERSION = YES;
				CLANG_WARN_NON_LITERAL_NULL_CONVERSION = YES;
				CLANG_WARN_OBJC_IMPLICIT_RETAIN_SELF = YES;
				CLANG_WARN_OBJC_LITERAL_CONVERSION = YES;
				CLANG_WARN_OBJC_ROOT_CLASS = YES_ERROR;
				CLANG_WARN_RANGE_LOOP_ANALYSIS = YES;
				CLANG_WARN_STRICT_PROTOTYPES = YES;
				CLANG_WARN_SUSPICIOUS_MOVE = YES;
				CLANG_WARN_UNGUARDED_AVAILABILITY = YES_AGGRESSIVE;
				CLANG_WARN_UNREACHABLE_CODE = YES;
				CLANG_WARN__DUPLICATE_METHOD_MATCH = YES;
				CODE_SIGN_IDENTITY = "-";
				COPY_PHASE_STRIP = NO;
				DEBUG_INFORMATION_FORMAT = dwarf;
				ENABLE_STRICT_OBJC_MSGSEND = YES;
				ENABLE_TESTABILITY = YES;
				GCC_C_LANGUAGE_STANDARD = gnu11;
				GCC_DYNAMIC_NO_PIC = NO;
				GCC_NO_COMMON_BLOCKS = YES;
				GCC_OPTIMIZATION_LEVEL = 0;
				GCC_PREPROCESSOR_DEFINITIONS = (
					"DEBUG=1",
					"$(inherited)",
				);
				GCC_WARN_64_TO_32_BIT_CONVERSION = YES;
				GCC_WARN_ABOUT_RETURN_TYPE = YES_ERROR;
				GCC_WARN_UNDECLARED_SELECTOR = YES;
				GCC_WARN_UNINITIALIZED_AUTOS = YES_AGGRESSIVE;
				GCC_WARN_UNUSED_FUNCTION = YES;
				GCC_WARN_UNUSED_VARIABLE = YES;
				MACOSX_DEPLOYMENT_TARGET = 10.14;
				MTL_ENABLE_DEBUG_INFO = INCLUDE_SOURCE;
				MTL_FAST_MATH = YES;
				ONLY_ACTIVE_ARCH = YES;
				SDKROOT = macosx;
			};
			name = Debug;
		};
		DBDF1B552323DE3F007CECB1 /* Release */ = {
			isa = XCBuildConfiguration;
			buildSettings = {
				ALWAYS_SEARCH_USER_PATHS = NO;
				CLANG_ANALYZER_NONNULL = YES;
				CLANG_ANALYZER_NUMBER_OBJECT_CONVERSION = YES_AGGRESSIVE;
				CLANG_CXX_LANGUAGE_STANDARD = "gnu++14";
				CLANG_CXX_LIBRARY = "libc++";
				CLANG_ENABLE_MODULES = YES;
				CLANG_ENABLE_OBJC_ARC = YES;
				CLANG_ENABLE_OBJC_WEAK = YES;
				CLANG_WARN_BLOCK_CAPTURE_AUTORELEASING = YES;
				CLANG_WARN_BOOL_CONVERSION = YES;
				CLANG_WARN_COMMA = YES;
				CLANG_WARN_CONSTANT_CONVERSION = YES;
				CLANG_WARN_DEPRECATED_OBJC_IMPLEMENTATIONS = YES;
				CLANG_WARN_DIRECT_OBJC_ISA_USAGE = YES_ERROR;
				CLANG_WARN_DOCUMENTATION_COMMENTS = YES;
				CLANG_WARN_EMPTY_BODY = YES;
				CLANG_WARN_ENUM_CONVERSION = YES;
				CLANG_WARN_INFINITE_RECURSION = YES;
				CLANG_WARN_INT_CONVERSION = YES;
				CLANG_WARN_NON_LITERAL_NULL_CONVERSION = YES;
				CLANG_WARN_OBJC_IMPLICIT_RETAIN_SELF = YES;
				CLANG_WARN_OBJC_LITERAL_CONVERSION = YES;
				CLANG_WARN_OBJC_ROOT_CLASS = YES_ERROR;
				CLANG_WARN_RANGE_LOOP_ANALYSIS = YES;
				CLANG_WARN_STRICT_PROTOTYPES = YES;
				CLANG_WARN_SUSPICIOUS_MOVE = YES;
				CLANG_WARN_UNGUARDED_AVAILABILITY = YES_AGGRESSIVE;
				CLANG_WARN_UNREACHABLE_CODE = YES;
				CLANG_WARN__DUPLICATE_METHOD_MATCH = YES;
				CODE_SIGN_IDENTITY = "-";
				COPY_PHASE_STRIP = NO;
				DEBUG_INFORMATION_FORMAT = "dwarf-with-dsym";
				ENABLE_NS_ASSERTIONS = NO;
				ENABLE_STRICT_OBJC_MSGSEND = YES;
				GCC_C_LANGUAGE_STANDARD = gnu11;
				GCC_NO_COMMON_BLOCKS = YES;
				GCC_WARN_64_TO_32_BIT_CONVERSION = YES;
				GCC_WARN_ABOUT_RETURN_TYPE = YES_ERROR;
				GCC_WARN_UNDECLARED_SELECTOR = YES;
				GCC_WARN_UNINITIALIZED_AUTOS = YES_AGGRESSIVE;
				GCC_WARN_UNUSED_FUNCTION = YES;
				GCC_WARN_UNUSED_VARIABLE = YES;
				MACOSX_DEPLOYMENT_TARGET = 10.14;
				MTL_ENABLE_DEBUG_INFO = NO;
				MTL_FAST_MATH = YES;
				SDKROOT = macosx;
			};
			name = Release;
		};
		DBDF1B572323DE3F007CECB1 /* Debug */ = {
			isa = XCBuildConfiguration;
			buildSettings = {
				CODE_SIGN_STYLE = Automatic;
				DEVELOPMENT_ASSET_PATHS = "";
				FRAMEWORK_SEARCH_PATHS = (
					"$(inherited)",
					"$(LOCAL_LIBRARY_DIR)/Frameworks",
				);
				HEADER_SEARCH_PATHS = (
					/Library/Frameworks/SDL2_image.framework/Versions/A/Headers,
					/Library/Frameworks/SDL2.framework/Versions/A/Headers,
					/Library/Frameworks/SDL2_mixer.framework/Versions/A/Headers,
				);
				PRODUCT_NAME = "$(TARGET_NAME)";
			};
			name = Debug;
		};
		DBDF1B582323DE3F007CECB1 /* Release */ = {
			isa = XCBuildConfiguration;
			buildSettings = {
				CODE_SIGN_STYLE = Automatic;
				DEVELOPMENT_ASSET_PATHS = "";
				FRAMEWORK_SEARCH_PATHS = (
					"$(inherited)",
					"$(LOCAL_LIBRARY_DIR)/Frameworks",
				);
				HEADER_SEARCH_PATHS = (
					/Library/Frameworks/SDL2_image.framework/Versions/A/Headers,
					/Library/Frameworks/SDL2.framework/Versions/A/Headers,
					/Library/Frameworks/SDL2_mixer.framework/Versions/A/Headers,
				);
				PRODUCT_NAME = "$(TARGET_NAME)";
			};
			name = Release;
		};
/* End XCBuildConfiguration section */

/* Begin XCConfigurationList section */
		DBDF1B4A2323DE3F007CECB1 /* Build configuration list for PBXProject "SDLProject" */ = {
			isa = XCConfigurationList;
			buildConfigurations = (
				DBDF1B542323DE3F007CECB1 /* Debug */,
				DBDF1B552323DE3F007CECB1 /* Release */,
			);
			defaultConfigurationIsVisible = 0;
			defaultConfigurationName = Release;
		};
		DBDF1B562323DE3F007CECB1 /* Build configuration list for PBXNativeTarget "SDLProject" */ = {
			isa = XCConfigurationList;
			buildConfigurations = (
				DBDF1B572323DE3F007CECB1 /* Debug */,
				DBDF1B582323DE3F007CECB1 /* Release */,
			);
			defaultConfigurationIsVisible = 0;
			defaultConfigurationName = Release;
		};
/* End XCConfigurationList section */
	};
	rootObject = DBDF1B472323DE3F007CECB1 /* Project object */;
}
